// !$*UTF8*$!
{
	archiveVersion = 1;
	classes = {
	};
	objectVersion = 56;
	objects = {

/* Begin PBXBuildFile section */
		DAC4A24F2A175A3300EDF2E1 /* RxSwiftPracticeApp.swift in Sources */ = {isa = PBXBuildFile; fileRef = DAC4A24E2A175A3300EDF2E1 /* RxSwiftPracticeApp.swift */; };
		DAC4A2512A175A3300EDF2E1 /* ContentView.swift in Sources */ = {isa = PBXBuildFile; fileRef = DAC4A2502A175A3300EDF2E1 /* ContentView.swift */; };
		DAC4A2532A175A3400EDF2E1 /* Assets.xcassets in Resources */ = {isa = PBXBuildFile; fileRef = DAC4A2522A175A3400EDF2E1 /* Assets.xcassets */; };
		DAC4A2572A175A3400EDF2E1 /* Preview Assets.xcassets in Resources */ = {isa = PBXBuildFile; fileRef = DAC4A2562A175A3400EDF2E1 /* Preview Assets.xcassets */; };
		DAC4A2612A175A3400EDF2E1 /* RxSwiftPracticeTests.swift in Sources */ = {isa = PBXBuildFile; fileRef = DAC4A2602A175A3400EDF2E1 /* RxSwiftPracticeTests.swift */; };
		DAC4A26B2A175A3400EDF2E1 /* RxSwiftPracticeUITests.swift in Sources */ = {isa = PBXBuildFile; fileRef = DAC4A26A2A175A3400EDF2E1 /* RxSwiftPracticeUITests.swift */; };
		DAC4A26D2A175A3400EDF2E1 /* RxSwiftPracticeUITestsLaunchTests.swift in Sources */ = {isa = PBXBuildFile; fileRef = DAC4A26C2A175A3400EDF2E1 /* RxSwiftPracticeUITestsLaunchTests.swift */; };
/* End PBXBuildFile section */

/* Begin PBXContainerItemProxy section */
		DAC4A25D2A175A3400EDF2E1 /* PBXContainerItemProxy */ = {
			isa = PBXContainerItemProxy;
			containerPortal = DAC4A2432A175A3200EDF2E1 /* Project object */;
			proxyType = 1;
			remoteGlobalIDString = DAC4A24A2A175A3200EDF2E1;
			remoteInfo = RxSwiftPractice;
		};
		DAC4A2672A175A3400EDF2E1 /* PBXContainerItemProxy */ = {
			isa = PBXContainerItemProxy;
			containerPortal = DAC4A2432A175A3200EDF2E1 /* Project object */;
			proxyType = 1;
			remoteGlobalIDString = DAC4A24A2A175A3200EDF2E1;
			remoteInfo = RxSwiftPractice;
		};
/* End PBXContainerItemProxy section */

/* Begin PBXFileReference section */
		DAC4A24B2A175A3300EDF2E1 /* RxSwiftPractice.app */ = {isa = PBXFileReference; explicitFileType = wrapper.application; includeInIndex = 0; path = RxSwiftPractice.app; sourceTree = BUILT_PRODUCTS_DIR; };
		DAC4A24E2A175A3300EDF2E1 /* RxSwiftPracticeApp.swift */ = {isa = PBXFileReference; lastKnownFileType = sourcecode.swift; path = RxSwiftPracticeApp.swift; sourceTree = "<group>"; };
		DAC4A2502A175A3300EDF2E1 /* ContentView.swift */ = {isa = PBXFileReference; lastKnownFileType = sourcecode.swift; path = ContentView.swift; sourceTree = "<group>"; };
		DAC4A2522A175A3400EDF2E1 /* Assets.xcassets */ = {isa = PBXFileReference; lastKnownFileType = folder.assetcatalog; path = Assets.xcassets; sourceTree = "<group>"; };
		DAC4A2542A175A3400EDF2E1 /* RxSwiftPractice.entitlements */ = {isa = PBXFileReference; lastKnownFileType = text.plist.entitlements; path = RxSwiftPractice.entitlements; sourceTree = "<group>"; };
		DAC4A2562A175A3400EDF2E1 /* Preview Assets.xcassets */ = {isa = PBXFileReference; lastKnownFileType = folder.assetcatalog; path = "Preview Assets.xcassets"; sourceTree = "<group>"; };
		DAC4A25C2A175A3400EDF2E1 /* RxSwiftPracticeTests.xctest */ = {isa = PBXFileReference; explicitFileType = wrapper.cfbundle; includeInIndex = 0; path = RxSwiftPracticeTests.xctest; sourceTree = BUILT_PRODUCTS_DIR; };
		DAC4A2602A175A3400EDF2E1 /* RxSwiftPracticeTests.swift */ = {isa = PBXFileReference; lastKnownFileType = sourcecode.swift; path = RxSwiftPracticeTests.swift; sourceTree = "<group>"; };
		DAC4A2662A175A3400EDF2E1 /* RxSwiftPracticeUITests.xctest */ = {isa = PBXFileReference; explicitFileType = wrapper.cfbundle; includeInIndex = 0; path = RxSwiftPracticeUITests.xctest; sourceTree = BUILT_PRODUCTS_DIR; };
		DAC4A26A2A175A3400EDF2E1 /* RxSwiftPracticeUITests.swift */ = {isa = PBXFileReference; lastKnownFileType = sourcecode.swift; path = RxSwiftPracticeUITests.swift; sourceTree = "<group>"; };
		DAC4A26C2A175A3400EDF2E1 /* RxSwiftPracticeUITestsLaunchTests.swift */ = {isa = PBXFileReference; lastKnownFileType = sourcecode.swift; path = RxSwiftPracticeUITestsLaunchTests.swift; sourceTree = "<group>"; };
/* End PBXFileReference section */

/* Begin PBXFrameworksBuildPhase section */
		DAC4A2482A175A3200EDF2E1 /* Frameworks */ = {
			isa = PBXFrameworksBuildPhase;
			buildActionMask = 2147483647;
			files = (
			);
			runOnlyForDeploymentPostprocessing = 0;
		};
		DAC4A2592A175A3400EDF2E1 /* Frameworks */ = {
			isa = PBXFrameworksBuildPhase;
			buildActionMask = 2147483647;
			files = (
			);
			runOnlyForDeploymentPostprocessing = 0;
		};
		DAC4A2632A175A3400EDF2E1 /* Frameworks */ = {
			isa = PBXFrameworksBuildPhase;
			buildActionMask = 2147483647;
			files = (
			);
			runOnlyForDeploymentPostprocessing = 0;
		};
/* End PBXFrameworksBuildPhase section */

/* Begin PBXGroup section */
		DAC4A2422A175A3200EDF2E1 = {
			isa = PBXGroup;
			children = (
				DAC4A24D2A175A3300EDF2E1 /* RxSwiftPractice */,
				DAC4A25F2A175A3400EDF2E1 /* RxSwiftPracticeTests */,
				DAC4A2692A175A3400EDF2E1 /* RxSwiftPracticeUITests */,
				DAC4A24C2A175A3300EDF2E1 /* Products */,
			);
			sourceTree = "<group>";
		};
		DAC4A24C2A175A3300EDF2E1 /* Products */ = {
			isa = PBXGroup;
			children = (
				DAC4A24B2A175A3300EDF2E1 /* RxSwiftPractice.app */,
				DAC4A25C2A175A3400EDF2E1 /* RxSwiftPracticeTests.xctest */,
				DAC4A2662A175A3400EDF2E1 /* RxSwiftPracticeUITests.xctest */,
			);
			name = Products;
			sourceTree = "<group>";
		};
		DAC4A24D2A175A3300EDF2E1 /* RxSwiftPractice */ = {
			isa = PBXGroup;
			children = (
				DAC4A24E2A175A3300EDF2E1 /* RxSwiftPracticeApp.swift */,
				DAC4A2502A175A3300EDF2E1 /* ContentView.swift */,
				DAC4A2522A175A3400EDF2E1 /* Assets.xcassets */,
				DAC4A2542A175A3400EDF2E1 /* RxSwiftPractice.entitlements */,
				DAC4A2552A175A3400EDF2E1 /* Preview Content */,
			);
			path = RxSwiftPractice;
			sourceTree = "<group>";
		};
		DAC4A2552A175A3400EDF2E1 /* Preview Content */ = {
			isa = PBXGroup;
			children = (
				DAC4A2562A175A3400EDF2E1 /* Preview Assets.xcassets */,
			);
			path = "Preview Content";
			sourceTree = "<group>";
		};
		DAC4A25F2A175A3400EDF2E1 /* RxSwiftPracticeTests */ = {
			isa = PBXGroup;
			children = (
				DAC4A2602A175A3400EDF2E1 /* RxSwiftPracticeTests.swift */,
			);
			path = RxSwiftPracticeTests;
			sourceTree = "<group>";
		};
		DAC4A2692A175A3400EDF2E1 /* RxSwiftPracticeUITests */ = {
			isa = PBXGroup;
			children = (
				DAC4A26A2A175A3400EDF2E1 /* RxSwiftPracticeUITests.swift */,
				DAC4A26C2A175A3400EDF2E1 /* RxSwiftPracticeUITestsLaunchTests.swift */,
			);
			path = RxSwiftPracticeUITests;
			sourceTree = "<group>";
		};
/* End PBXGroup section */

/* Begin PBXNativeTarget section */
		DAC4A24A2A175A3200EDF2E1 /* RxSwiftPractice */ = {
			isa = PBXNativeTarget;
			buildConfigurationList = DAC4A2702A175A3400EDF2E1 /* Build configuration list for PBXNativeTarget "RxSwiftPractice" */;
			buildPhases = (
				DAC4A2472A175A3200EDF2E1 /* Sources */,
				DAC4A2482A175A3200EDF2E1 /* Frameworks */,
				DAC4A2492A175A3200EDF2E1 /* Resources */,
			);
			buildRules = (
			);
			dependencies = (
			);
			name = RxSwiftPractice;
			productName = RxSwiftPractice;
			productReference = DAC4A24B2A175A3300EDF2E1 /* RxSwiftPractice.app */;
			productType = "com.apple.product-type.application";
		};
		DAC4A25B2A175A3400EDF2E1 /* RxSwiftPracticeTests */ = {
			isa = PBXNativeTarget;
			buildConfigurationList = DAC4A2732A175A3400EDF2E1 /* Build configuration list for PBXNativeTarget "RxSwiftPracticeTests" */;
			buildPhases = (
				DAC4A2582A175A3400EDF2E1 /* Sources */,
				DAC4A2592A175A3400EDF2E1 /* Frameworks */,
				DAC4A25A2A175A3400EDF2E1 /* Resources */,
			);
			buildRules = (
			);
			dependencies = (
				DAC4A25E2A175A3400EDF2E1 /* PBXTargetDependency */,
			);
			name = RxSwiftPracticeTests;
			productName = RxSwiftPracticeTests;
			productReference = DAC4A25C2A175A3400EDF2E1 /* RxSwiftPracticeTests.xctest */;
			productType = "com.apple.product-type.bundle.unit-test";
		};
		DAC4A2652A175A3400EDF2E1 /* RxSwiftPracticeUITests */ = {
			isa = PBXNativeTarget;
			buildConfigurationList = DAC4A2762A175A3400EDF2E1 /* Build configuration list for PBXNativeTarget "RxSwiftPracticeUITests" */;
			buildPhases = (
				DAC4A2622A175A3400EDF2E1 /* Sources */,
				DAC4A2632A175A3400EDF2E1 /* Frameworks */,
				DAC4A2642A175A3400EDF2E1 /* Resources */,
			);
			buildRules = (
			);
			dependencies = (
				DAC4A2682A175A3400EDF2E1 /* PBXTargetDependency */,
			);
			name = RxSwiftPracticeUITests;
			productName = RxSwiftPracticeUITests;
			productReference = DAC4A2662A175A3400EDF2E1 /* RxSwiftPracticeUITests.xctest */;
			productType = "com.apple.product-type.bundle.ui-testing";
		};
/* End PBXNativeTarget section */

/* Begin PBXProject section */
		DAC4A2432A175A3200EDF2E1 /* Project object */ = {
			isa = PBXProject;
			attributes = {
				BuildIndependentTargetsInParallel = 1;
				LastSwiftUpdateCheck = 1430;
				LastUpgradeCheck = 1430;
				TargetAttributes = {
					DAC4A24A2A175A3200EDF2E1 = {
						CreatedOnToolsVersion = 14.3;
					};
					DAC4A25B2A175A3400EDF2E1 = {
						CreatedOnToolsVersion = 14.3;
						TestTargetID = DAC4A24A2A175A3200EDF2E1;
					};
					DAC4A2652A175A3400EDF2E1 = {
						CreatedOnToolsVersion = 14.3;
						TestTargetID = DAC4A24A2A175A3200EDF2E1;
					};
				};
			};
			buildConfigurationList = DAC4A2462A175A3200EDF2E1 /* Build configuration list for PBXProject "RxSwiftPractice" */;
			compatibilityVersion = "Xcode 14.0";
			developmentRegion = en;
			hasScannedForEncodings = 0;
			knownRegions = (
				en,
				Base,
			);
			mainGroup = DAC4A2422A175A3200EDF2E1;
			productRefGroup = DAC4A24C2A175A3300EDF2E1 /* Products */;
			projectDirPath = "";
			projectRoot = "";
			targets = (
				DAC4A24A2A175A3200EDF2E1 /* RxSwiftPractice */,
				DAC4A25B2A175A3400EDF2E1 /* RxSwiftPracticeTests */,
				DAC4A2652A175A3400EDF2E1 /* RxSwiftPracticeUITests */,
			);
		};
/* End PBXProject section */

/* Begin PBXResourcesBuildPhase section */
		DAC4A2492A175A3200EDF2E1 /* Resources */ = {
			isa = PBXResourcesBuildPhase;
			buildActionMask = 2147483647;
			files = (
				DAC4A2572A175A3400EDF2E1 /* Preview Assets.xcassets in Resources */,
				DAC4A2532A175A3400EDF2E1 /* Assets.xcassets in Resources */,
			);
			runOnlyForDeploymentPostprocessing = 0;
		};
		DAC4A25A2A175A3400EDF2E1 /* Resources */ = {
			isa = PBXResourcesBuildPhase;
			buildActionMask = 2147483647;
			files = (
			);
			runOnlyForDeploymentPostprocessing = 0;
		};
		DAC4A2642A175A3400EDF2E1 /* Resources */ = {
			isa = PBXResourcesBuildPhase;
			buildActionMask = 2147483647;
			files = (
			);
			runOnlyForDeploymentPostprocessing = 0;
		};
/* End PBXResourcesBuildPhase section */

/* Begin PBXSourcesBuildPhase section */
		DAC4A2472A175A3200EDF2E1 /* Sources */ = {
			isa = PBXSourcesBuildPhase;
			buildActionMask = 2147483647;
			files = (
				DAC4A2512A175A3300EDF2E1 /* ContentView.swift in Sources */,
				DAC4A24F2A175A3300EDF2E1 /* RxSwiftPracticeApp.swift in Sources */,
			);
			runOnlyForDeploymentPostprocessing = 0;
		};
		DAC4A2582A175A3400EDF2E1 /* Sources */ = {
			isa = PBXSourcesBuildPhase;
			buildActionMask = 2147483647;
			files = (
				DAC4A2612A175A3400EDF2E1 /* RxSwiftPracticeTests.swift in Sources */,
			);
			runOnlyForDeploymentPostprocessing = 0;
		};
		DAC4A2622A175A3400EDF2E1 /* Sources */ = {
			isa = PBXSourcesBuildPhase;
			buildActionMask = 2147483647;
			files = (
				DAC4A26B2A175A3400EDF2E1 /* RxSwiftPracticeUITests.swift in Sources */,
				DAC4A26D2A175A3400EDF2E1 /* RxSwiftPracticeUITestsLaunchTests.swift in Sources */,
			);
			runOnlyForDeploymentPostprocessing = 0;
		};
/* End PBXSourcesBuildPhase section */

/* Begin PBXTargetDependency section */
		DAC4A25E2A175A3400EDF2E1 /* PBXTargetDependency */ = {
			isa = PBXTargetDependency;
			target = DAC4A24A2A175A3200EDF2E1 /* RxSwiftPractice */;
			targetProxy = DAC4A25D2A175A3400EDF2E1 /* PBXContainerItemProxy */;
		};
		DAC4A2682A175A3400EDF2E1 /* PBXTargetDependency */ = {
			isa = PBXTargetDependency;
			target = DAC4A24A2A175A3200EDF2E1 /* RxSwiftPractice */;
			targetProxy = DAC4A2672A175A3400EDF2E1 /* PBXContainerItemProxy */;
		};
/* End PBXTargetDependency section */

/* Begin XCBuildConfiguration section */
		DAC4A26E2A175A3400EDF2E1 /* Debug */ = {
			isa = XCBuildConfiguration;
			buildSettings = {
				ALWAYS_SEARCH_USER_PATHS = NO;
				CLANG_ANALYZER_NONNULL = YES;
				CLANG_ANALYZER_NUMBER_OBJECT_CONVERSION = YES_AGGRESSIVE;
				CLANG_CXX_LANGUAGE_STANDARD = "gnu++20";
				CLANG_ENABLE_MODULES = YES;
				CLANG_ENABLE_OBJC_ARC = YES;
				CLANG_ENABLE_OBJC_WEAK = YES;
				CLANG_WARN_BLOCK_CAPTURE_AUTORELEASING = YES;
				CLANG_WARN_BOOL_CONVERSION = YES;
				CLANG_WARN_COMMA = YES;
				CLANG_WARN_CONSTANT_CONVERSION = YES;
				CLANG_WARN_DEPRECATED_OBJC_IMPLEMENTATIONS = YES;
				CLANG_WARN_DIRECT_OBJC_ISA_USAGE = YES_ERROR;
				CLANG_WARN_DOCUMENTATION_COMMENTS = YES;
				CLANG_WARN_EMPTY_BODY = YES;
				CLANG_WARN_ENUM_CONVERSION = YES;
				CLANG_WARN_INFINITE_RECURSION = YES;
				CLANG_WARN_INT_CONVERSION = YES;
				CLANG_WARN_NON_LITERAL_NULL_CONVERSION = YES;
				CLANG_WARN_OBJC_IMPLICIT_RETAIN_SELF = YES;
				CLANG_WARN_OBJC_LITERAL_CONVERSION = YES;
				CLANG_WARN_OBJC_ROOT_CLASS = YES_ERROR;
				CLANG_WARN_QUOTED_INCLUDE_IN_FRAMEWORK_HEADER = YES;
				CLANG_WARN_RANGE_LOOP_ANALYSIS = YES;
				CLANG_WARN_STRICT_PROTOTYPES = YES;
				CLANG_WARN_SUSPICIOUS_MOVE = YES;
				CLANG_WARN_UNGUARDED_AVAILABILITY = YES_AGGRESSIVE;
				CLANG_WARN_UNREACHABLE_CODE = YES;
				CLANG_WARN__DUPLICATE_METHOD_MATCH = YES;
				COPY_PHASE_STRIP = NO;
				DEBUG_INFORMATION_FORMAT = dwarf;
				ENABLE_STRICT_OBJC_MSGSEND = YES;
				ENABLE_TESTABILITY = YES;
				GCC_C_LANGUAGE_STANDARD = gnu11;
				GCC_DYNAMIC_NO_PIC = NO;
				GCC_NO_COMMON_BLOCKS = YES;
				GCC_OPTIMIZATION_LEVEL = 0;
				GCC_PREPROCESSOR_DEFINITIONS = (
					"DEBUG=1",
					"$(inherited)",
				);
				GCC_WARN_64_TO_32_BIT_CONVERSION = YES;
				GCC_WARN_ABOUT_RETURN_TYPE = YES_ERROR;
				GCC_WARN_UNDECLARED_SELECTOR = YES;
				GCC_WARN_UNINITIALIZED_AUTOS = YES_AGGRESSIVE;
				GCC_WARN_UNUSED_FUNCTION = YES;
				GCC_WARN_UNUSED_VARIABLE = YES;
				MTL_ENABLE_DEBUG_INFO = INCLUDE_SOURCE;
				MTL_FAST_MATH = YES;
				ONLY_ACTIVE_ARCH = YES;
				SWIFT_ACTIVE_COMPILATION_CONDITIONS = DEBUG;
				SWIFT_OPTIMIZATION_LEVEL = "-Onone";
			};
			name = Debug;
		};
		DAC4A26F2A175A3400EDF2E1 /* Release */ = {
			isa = XCBuildConfiguration;
			buildSettings = {
				ALWAYS_SEARCH_USER_PATHS = NO;
				CLANG_ANALYZER_NONNULL = YES;
				CLANG_ANALYZER_NUMBER_OBJECT_CONVERSION = YES_AGGRESSIVE;
				CLANG_CXX_LANGUAGE_STANDARD = "gnu++20";
				CLANG_ENABLE_MODULES = YES;
				CLANG_ENABLE_OBJC_ARC = YES;
				CLANG_ENABLE_OBJC_WEAK = YES;
				CLANG_WARN_BLOCK_CAPTURE_AUTORELEASING = YES;
				CLANG_WARN_BOOL_CONVERSION = YES;
				CLANG_WARN_COMMA = YES;
				CLANG_WARN_CONSTANT_CONVERSION = YES;
				CLANG_WARN_DEPRECATED_OBJC_IMPLEMENTATIONS = YES;
				CLANG_WARN_DIRECT_OBJC_ISA_USAGE = YES_ERROR;
				CLANG_WARN_DOCUMENTATION_COMMENTS = YES;
				CLANG_WARN_EMPTY_BODY = YES;
				CLANG_WARN_ENUM_CONVERSION = YES;
				CLANG_WARN_INFINITE_RECURSION = YES;
				CLANG_WARN_INT_CONVERSION = YES;
				CLANG_WARN_NON_LITERAL_NULL_CONVERSION = YES;
				CLANG_WARN_OBJC_IMPLICIT_RETAIN_SELF = YES;
				CLANG_WARN_OBJC_LITERAL_CONVERSION = YES;
				CLANG_WARN_OBJC_ROOT_CLASS = YES_ERROR;
				CLANG_WARN_QUOTED_INCLUDE_IN_FRAMEWORK_HEADER = YES;
				CLANG_WARN_RANGE_LOOP_ANALYSIS = YES;
				CLANG_WARN_STRICT_PROTOTYPES = YES;
				CLANG_WARN_SUSPICIOUS_MOVE = YES;
				CLANG_WARN_UNGUARDED_AVAILABILITY = YES_AGGRESSIVE;
				CLANG_WARN_UNREACHABLE_CODE = YES;
				CLANG_WARN__DUPLICATE_METHOD_MATCH = YES;
				COPY_PHASE_STRIP = NO;
				DEBUG_INFORMATION_FORMAT = "dwarf-with-dsym";
				ENABLE_NS_ASSERTIONS = NO;
				ENABLE_STRICT_OBJC_MSGSEND = YES;
				GCC_C_LANGUAGE_STANDARD = gnu11;
				GCC_NO_COMMON_BLOCKS = YES;
				GCC_WARN_64_TO_32_BIT_CONVERSION = YES;
				GCC_WARN_ABOUT_RETURN_TYPE = YES_ERROR;
				GCC_WARN_UNDECLARED_SELECTOR = YES;
				GCC_WARN_UNINITIALIZED_AUTOS = YES_AGGRESSIVE;
				GCC_WARN_UNUSED_FUNCTION = YES;
				GCC_WARN_UNUSED_VARIABLE = YES;
				MTL_ENABLE_DEBUG_INFO = NO;
				MTL_FAST_MATH = YES;
				SWIFT_COMPILATION_MODE = wholemodule;
				SWIFT_OPTIMIZATION_LEVEL = "-O";
			};
			name = Release;
		};
		DAC4A2712A175A3400EDF2E1 /* Debug */ = {
			isa = XCBuildConfiguration;
			buildSettings = {
				ASSETCATALOG_COMPILER_APPICON_NAME = AppIcon;
				ASSETCATALOG_COMPILER_GLOBAL_ACCENT_COLOR_NAME = AccentColor;
				CODE_SIGN_ENTITLEMENTS = RxSwiftPractice/RxSwiftPractice.entitlements;
				CODE_SIGN_STYLE = Automatic;
				CURRENT_PROJECT_VERSION = 1;
				DEVELOPMENT_ASSET_PATHS = "\"RxSwiftPractice/Preview Content\"";
				DEVELOPMENT_TEAM = 839W2CPX46;
				ENABLE_HARDENED_RUNTIME = YES;
				ENABLE_PREVIEWS = YES;
				GENERATE_INFOPLIST_FILE = YES;
				"INFOPLIST_KEY_UIApplicationSceneManifest_Generation[sdk=iphoneos*]" = YES;
				"INFOPLIST_KEY_UIApplicationSceneManifest_Generation[sdk=iphonesimulator*]" = YES;
				"INFOPLIST_KEY_UIApplicationSupportsIndirectInputEvents[sdk=iphoneos*]" = YES;
				"INFOPLIST_KEY_UIApplicationSupportsIndirectInputEvents[sdk=iphonesimulator*]" = YES;
				"INFOPLIST_KEY_UILaunchScreen_Generation[sdk=iphoneos*]" = YES;
				"INFOPLIST_KEY_UILaunchScreen_Generation[sdk=iphonesimulator*]" = YES;
				"INFOPLIST_KEY_UIStatusBarStyle[sdk=iphoneos*]" = UIStatusBarStyleDefault;
				"INFOPLIST_KEY_UIStatusBarStyle[sdk=iphonesimulator*]" = UIStatusBarStyleDefault;
				INFOPLIST_KEY_UISupportedInterfaceOrientations_iPad = "UIInterfaceOrientationPortrait UIInterfaceOrientationPortraitUpsideDown UIInterfaceOrientationLandscapeLeft UIInterfaceOrientationLandscapeRight";
				INFOPLIST_KEY_UISupportedInterfaceOrientations_iPhone = "UIInterfaceOrientationPortrait UIInterfaceOrientationLandscapeLeft UIInterfaceOrientationLandscapeRight";
				IPHONEOS_DEPLOYMENT_TARGET = 16.4;
				LD_RUNPATH_SEARCH_PATHS = "@executable_path/Frameworks";
				"LD_RUNPATH_SEARCH_PATHS[sdk=macosx*]" = "@executable_path/../Frameworks";
				MACOSX_DEPLOYMENT_TARGET = 13.3;
				MARKETING_VERSION = 1.0;
				PRODUCT_BUNDLE_IDENTIFIER = com.example.RxSwiftPractice;
				PRODUCT_NAME = "$(TARGET_NAME)";
				SDKROOT = auto;
				SUPPORTED_PLATFORMS = "iphoneos iphonesimulator macosx";
				SWIFT_EMIT_LOC_STRINGS = YES;
				SWIFT_VERSION = 5.0;
				TARGETED_DEVICE_FAMILY = "1,2";
			};
			name = Debug;
		};
		DAC4A2722A175A3400EDF2E1 /* Release */ = {
			isa = XCBuildConfiguration;
			buildSettings = {
				ASSETCATALOG_COMPILER_APPICON_NAME = AppIcon;
				ASSETCATALOG_COMPILER_GLOBAL_ACCENT_COLOR_NAME = AccentColor;
				CODE_SIGN_ENTITLEMENTS = RxSwiftPractice/RxSwiftPractice.entitlements;
				CODE_SIGN_STYLE = Automatic;
				CURRENT_PROJECT_VERSION = 1;
				DEVELOPMENT_ASSET_PATHS = "\"RxSwiftPractice/Preview Content\"";
				DEVELOPMENT_TEAM = 839W2CPX46;
				ENABLE_HARDENED_RUNTIME = YES;
				ENABLE_PREVIEWS = YES;
				GENERATE_INFOPLIST_FILE = YES;
				"INFOPLIST_KEY_UIApplicationSceneManifest_Generation[sdk=iphoneos*]" = YES;
				"INFOPLIST_KEY_UIApplicationSceneManifest_Generation[sdk=iphonesimulator*]" = YES;
				"INFOPLIST_KEY_UIApplicationSupportsIndirectInputEvents[sdk=iphoneos*]" = YES;
				"INFOPLIST_KEY_UIApplicationSupportsIndirectInputEvents[sdk=iphonesimulator*]" = YES;
				"INFOPLIST_KEY_UILaunchScreen_Generation[sdk=iphoneos*]" = YES;
				"INFOPLIST_KEY_UILaunchScreen_Generation[sdk=iphonesimulator*]" = YES;
				"INFOPLIST_KEY_UIStatusBarStyle[sdk=iphoneos*]" = UIStatusBarStyleDefault;
				"INFOPLIST_KEY_UIStatusBarStyle[sdk=iphonesimulator*]" = UIStatusBarStyleDefault;
				INFOPLIST_KEY_UISupportedInterfaceOrientations_iPad = "UIInterfaceOrientationPortrait UIInterfaceOrientationPortraitUpsideDown UIInterfaceOrientationLandscapeLeft UIInterfaceOrientationLandscapeRight";
				INFOPLIST_KEY_UISupportedInterfaceOrientations_iPhone = "UIInterfaceOrientationPortrait UIInterfaceOrientationLandscapeLeft UIInterfaceOrientationLandscapeRight";
				IPHONEOS_DEPLOYMENT_TARGET = 16.4;
				LD_RUNPATH_SEARCH_PATHS = "@executable_path/Frameworks";
				"LD_RUNPATH_SEARCH_PATHS[sdk=macosx*]" = "@executable_path/../Frameworks";
				MACOSX_DEPLOYMENT_TARGET = 13.3;
				MARKETING_VERSION = 1.0;
				PRODUCT_BUNDLE_IDENTIFIER = com.example.RxSwiftPractice;
				PRODUCT_NAME = "$(TARGET_NAME)";
				SDKROOT = auto;
				SUPPORTED_PLATFORMS = "iphoneos iphonesimulator macosx";
				SWIFT_EMIT_LOC_STRINGS = YES;
				SWIFT_VERSION = 5.0;
				TARGETED_DEVICE_FAMILY = "1,2";
			};
			name = Release;
		};
		DAC4A2742A175A3400EDF2E1 /* Debug */ = {
			isa = XCBuildConfiguration;
			buildSettings = {
				ALWAYS_EMBED_SWIFT_STANDARD_LIBRARIES = YES;
				BUNDLE_LOADER = "$(TEST_HOST)";
				CODE_SIGN_STYLE = Automatic;
				CURRENT_PROJECT_VERSION = 1;
				DEVELOPMENT_TEAM = 839W2CPX46;
				GENERATE_INFOPLIST_FILE = YES;
				IPHONEOS_DEPLOYMENT_TARGET = 16.4;
				MACOSX_DEPLOYMENT_TARGET = 13.3;
				MARKETING_VERSION = 1.0;
				PRODUCT_BUNDLE_IDENTIFIER = com.example.RxSwiftPracticeTests;
				PRODUCT_NAME = "$(TARGET_NAME)";
				SDKROOT = auto;
				SUPPORTED_PLATFORMS = "iphoneos iphonesimulator macosx";
				SWIFT_EMIT_LOC_STRINGS = NO;
				SWIFT_VERSION = 5.0;
				TARGETED_DEVICE_FAMILY = "1,2";
				TEST_HOST = "$(BUILT_PRODUCTS_DIR)/RxSwiftPractice.app/$(BUNDLE_EXECUTABLE_FOLDER_PATH)/RxSwiftPractice";
			};
			name = Debug;
		};
		DAC4A2752A175A3400EDF2E1 /* Release */ = {
			isa = XCBuildConfiguration;
			buildSettings = {
				ALWAYS_EMBED_SWIFT_STANDARD_LIBRARIES = YES;
				BUNDLE_LOADER = "$(TEST_HOST)";
				CODE_SIGN_STYLE = Automatic;
				CURRENT_PROJECT_VERSION = 1;
				DEVELOPMENT_TEAM = 839W2CPX46;
				GENERATE_INFOPLIST_FILE = YES;
				IPHONEOS_DEPLOYMENT_TARGET = 16.4;
				MACOSX_DEPLOYMENT_TARGET = 13.3;
				MARKETING_VERSION = 1.0;
				PRODUCT_BUNDLE_IDENTIFIER = com.example.RxSwiftPracticeTests;
				PRODUCT_NAME = "$(TARGET_NAME)";
				SDKROOT = auto;
				SUPPORTED_PLATFORMS = "iphoneos iphonesimulator macosx";
				SWIFT_EMIT_LOC_STRINGS = NO;
				SWIFT_VERSION = 5.0;
				TARGETED_DEVICE_FAMILY = "1,2";
				TEST_HOST = "$(BUILT_PRODUCTS_DIR)/RxSwiftPractice.app/$(BUNDLE_EXECUTABLE_FOLDER_PATH)/RxSwiftPractice";
			};
			name = Release;
		};
		DAC4A2772A175A3400EDF2E1 /* Debug */ = {
			isa = XCBuildConfiguration;
			buildSettings = {
				ALWAYS_EMBED_SWIFT_STANDARD_LIBRARIES = YES;
				CODE_SIGN_STYLE = Automatic;
				CURRENT_PROJECT_VERSION = 1;
				DEVELOPMENT_TEAM = 839W2CPX46;
				GENERATE_INFOPLIST_FILE = YES;
				IPHONEOS_DEPLOYMENT_TARGET = 16.4;
				MACOSX_DEPLOYMENT_TARGET = 13.3;
				MARKETING_VERSION = 1.0;
				PRODUCT_BUNDLE_IDENTIFIER = com.example.RxSwiftPracticeUITests;
				PRODUCT_NAME = "$(TARGET_NAME)";
				SDKROOT = auto;
				SUPPORTED_PLATFORMS = "iphoneos iphonesimulator macosx";
				SWIFT_EMIT_LOC_STRINGS = NO;
				SWIFT_VERSION = 5.0;
				TARGETED_DEVICE_FAMILY = "1,2";
				TEST_TARGET_NAME = RxSwiftPractice;
			};
			name = Debug;
		};
		DAC4A2782A175A3400EDF2E1 /* Release */ = {
			isa = XCBuildConfiguration;
			buildSettings = {
				ALWAYS_EMBED_SWIFT_STANDARD_LIBRARIES = YES;
				CODE_SIGN_STYLE = Automatic;
				CURRENT_PROJECT_VERSION = 1;
				DEVELOPMENT_TEAM = 839W2CPX46;
				GENERATE_INFOPLIST_FILE = YES;
				IPHONEOS_DEPLOYMENT_TARGET = 16.4;
				MACOSX_DEPLOYMENT_TARGET = 13.3;
				MARKETING_VERSION = 1.0;
				PRODUCT_BUNDLE_IDENTIFIER = com.example.RxSwiftPracticeUITests;
				PRODUCT_NAME = "$(TARGET_NAME)";
				SDKROOT = auto;
				SUPPORTED_PLATFORMS = "iphoneos iphonesimulator macosx";
				SWIFT_EMIT_LOC_STRINGS = NO;
				SWIFT_VERSION = 5.0;
				TARGETED_DEVICE_FAMILY = "1,2";
				TEST_TARGET_NAME = RxSwiftPractice;
			};
			name = Release;
		};
/* End XCBuildConfiguration section */

/* Begin XCConfigurationList section */
		DAC4A2462A175A3200EDF2E1 /* Build configuration list for PBXProject "RxSwiftPractice" */ = {
			isa = XCConfigurationList;
			buildConfigurations = (
				DAC4A26E2A175A3400EDF2E1 /* Debug */,
				DAC4A26F2A175A3400EDF2E1 /* Release */,
			);
			defaultConfigurationIsVisible = 0;
			defaultConfigurationName = Release;
		};
		DAC4A2702A175A3400EDF2E1 /* Build configuration list for PBXNativeTarget "RxSwiftPractice" */ = {
			isa = XCConfigurationList;
			buildConfigurations = (
				DAC4A2712A175A3400EDF2E1 /* Debug */,
				DAC4A2722A175A3400EDF2E1 /* Release */,
			);
			defaultConfigurationIsVisible = 0;
			defaultConfigurationName = Release;
		};
		DAC4A2732A175A3400EDF2E1 /* Build configuration list for PBXNativeTarget "RxSwiftPracticeTests" */ = {
			isa = XCConfigurationList;
			buildConfigurations = (
				DAC4A2742A175A3400EDF2E1 /* Debug */,
				DAC4A2752A175A3400EDF2E1 /* Release */,
			);
			defaultConfigurationIsVisible = 0;
			defaultConfigurationName = Release;
		};
		DAC4A2762A175A3400EDF2E1 /* Build configuration list for PBXNativeTarget "RxSwiftPracticeUITests" */ = {
			isa = XCConfigurationList;
			buildConfigurations = (
				DAC4A2772A175A3400EDF2E1 /* Debug */,
				DAC4A2782A175A3400EDF2E1 /* Release */,
			);
			defaultConfigurationIsVisible = 0;
			defaultConfigurationName = Release;
		};
/* End XCConfigurationList section */
	};
	rootObject = DAC4A2432A175A3200EDF2E1 /* Project object */;
}
